
Microsoft Visual Studio Solution File, Format Version 12.00
# Visual Studio 15
VisualStudioVersion = 15.0.27130.2036
MinimumVisualStudioVersion = 10.0.40219.1
Project("{FAE04EC0-301F-11D3-BF4B-00C04F79EFBC}") = "Sigmund.EnhancedDictionaryEditor", "Sigmund.EnhancedDictionaryEditor\Sigmund.EnhancedDictionaryEditor.csproj", "{7B669893-2EC4-4BD6-BB83-273F8F818052}"
EndProject
Project("{FAE04EC0-301F-11D3-BF4B-00C04F79EFBC}") = "Sigmund.EnhancedDictionaryEditor.Test.Website", "Sigmund.EnhancedDictionaryEditor.Test.Website\Sigmund.EnhancedDictionaryEditor.Test.Website.csproj", "{2B907140-BFD0-4E75-B4B9-F23EADEEE792}"
EndProject
Global
	GlobalSection(SolutionConfigurationPlatforms) = preSolution
		Debug|Any CPU = Debug|Any CPU
		Release|Any CPU = Release|Any CPU
	EndGlobalSection
	GlobalSection(ProjectConfigurationPlatforms) = postSolution
		{7B669893-2EC4-4BD6-BB83-273F8F818052}.Debug|Any CPU.ActiveCfg = Debug|Any CPU
		{7B669893-2EC4-4BD6-BB83-273F8F818052}.Debug|Any CPU.Build.0 = Debug|Any CPU
		{7B669893-2EC4-4BD6-BB83-273F8F818052}.Release|Any CPU.ActiveCfg = Release|Any CPU
		{7B669893-2EC4-4BD6-BB83-273F8F818052}.Release|Any CPU.Build.0 = Release|Any CPU
		{2B907140-BFD0-4E75-B4B9-F23EADEEE792}.Debug|Any CPU.ActiveCfg = Debug|Any CPU
		{2B907140-BFD0-4E75-B4B9-F23EADEEE792}.Debug|Any CPU.Build.0 = Debug|Any CPU
		{2B907140-BFD0-4E75-B4B9-F23EADEEE792}.Release|Any CPU.ActiveCfg = Release|Any CPU
		{2B907140-BFD0-4E75-B4B9-F23EADEEE792}.Release|Any CPU.Build.0 = Release|Any CPU
	EndGlobalSection
	GlobalSection(SolutionProperties) = preSolution
		HideSolutionNode = FALSE
	EndGlobalSection
	GlobalSection(ExtensibilityGlobals) = postSolution
		SolutionGuid = {85B9B155-DC1F-4D16-9C58-3FD69C902C29}
	EndGlobalSection
EndGlobal
